
Microsoft Visual Studio Solution File, Format Version 12.00
# Visual Studio 15
VisualStudioVersion = 15.0.28307.421
MinimumVisualStudioVersion = 10.0.40219.1
Project("{9A19103F-16F7-4668-BE54-9A1E7A4F7556}") = "NugetSearch", "NugetSearch\NugetSearch.csproj", "{18B3E10F-2224-4D71-A42A-ED8768FC45AB}"
EndProject
Project("{9A19103F-16F7-4668-BE54-9A1E7A4F7556}") = "CheckpointGitHubIssue", "CheckpointGitHubIssue\CheckpointGitHubIssue.csproj", "{949831CF-ED63-4584-B9AE-2103A8DE41C2}"
EndProject
Project("{9A19103F-16F7-4668-BE54-9A1E7A4F7556}") = "VersionUpdater", "VersionUpdater\VersionUpdater.csproj", "{807CE834-28EE-4354-907D-FEBC8D0C772E}"
EndProject
Global
	GlobalSection(SolutionConfigurationPlatforms) = preSolution
		Debug|Any CPU = Debug|Any CPU
		Release|Any CPU = Release|Any CPU
	EndGlobalSection
	GlobalSection(ProjectConfigurationPlatforms) = postSolution
		{18B3E10F-2224-4D71-A42A-ED8768FC45AB}.Debug|Any CPU.ActiveCfg = Debug|Any CPU
		{18B3E10F-2224-4D71-A42A-ED8768FC45AB}.Debug|Any CPU.Build.0 = Debug|Any CPU
		{18B3E10F-2224-4D71-A42A-ED8768FC45AB}.Release|Any CPU.ActiveCfg = Release|Any CPU
		{18B3E10F-2224-4D71-A42A-ED8768FC45AB}.Release|Any CPU.Build.0 = Release|Any CPU
		{949831CF-ED63-4584-B9AE-2103A8DE41C2}.Debug|Any CPU.ActiveCfg = Debug|Any CPU
		{949831CF-ED63-4584-B9AE-2103A8DE41C2}.Debug|Any CPU.Build.0 = Debug|Any CPU
		{949831CF-ED63-4584-B9AE-2103A8DE41C2}.Release|Any CPU.ActiveCfg = Release|Any CPU
		{949831CF-ED63-4584-B9AE-2103A8DE41C2}.Release|Any CPU.Build.0 = Release|Any CPU
		{807CE834-28EE-4354-907D-FEBC8D0C772E}.Debug|Any CPU.ActiveCfg = Debug|Any CPU
		{807CE834-28EE-4354-907D-FEBC8D0C772E}.Debug|Any CPU.Build.0 = Debug|Any CPU
		{807CE834-28EE-4354-907D-FEBC8D0C772E}.Release|Any CPU.ActiveCfg = Release|Any CPU
		{807CE834-28EE-4354-907D-FEBC8D0C772E}.Release|Any CPU.Build.0 = Release|Any CPU
	EndGlobalSection
	GlobalSection(SolutionProperties) = preSolution
		HideSolutionNode = FALSE
	EndGlobalSection
	GlobalSection(ExtensibilityGlobals) = postSolution
		SolutionGuid = {315B470F-6A18-4C8B-8B6E-E789A02DFAC0}
	EndGlobalSection
EndGlobal
