
Microsoft Visual Studio Solution File, Format Version 12.00
# Visual Studio 15
VisualStudioVersion = 15.0.28307.421
MinimumVisualStudioVersion = 10.0.40219.1
Project("{9A19103F-16F7-4668-BE54-9A1E7A4F7556}") = "XpandPosh.Cmdlets", "XpandPosh.Cmdlets\XpandPosh.Cmdlets.csproj", "{03A497DC-C717-4C0E-A4C9-E019F6998F0D}"
EndProject
Global
	GlobalSection(SolutionConfigurationPlatforms) = preSolution
		Debug|Any CPU = Debug|Any CPU
		Release|Any CPU = Release|Any CPU
	EndGlobalSection
	GlobalSection(ProjectConfigurationPlatforms) = postSolution
		{03A497DC-C717-4C0E-A4C9-E019F6998F0D}.Debug|Any CPU.ActiveCfg = Debug|Any CPU
		{03A497DC-C717-4C0E-A4C9-E019F6998F0D}.Debug|Any CPU.Build.0 = Debug|Any CPU
		{03A497DC-C717-4C0E-A4C9-E019F6998F0D}.Release|Any CPU.ActiveCfg = Release|Any CPU
		{03A497DC-C717-4C0E-A4C9-E019F6998F0D}.Release|Any CPU.Build.0 = Release|Any CPU
	EndGlobalSection
	GlobalSection(SolutionProperties) = preSolution
		HideSolutionNode = FALSE
	EndGlobalSection
	GlobalSection(ExtensibilityGlobals) = postSolution
		SolutionGuid = {315B470F-6A18-4C8B-8B6E-E789A02DFAC0}
	EndGlobalSection
EndGlobal
