
Microsoft Visual Studio Solution File, Format Version 12.00
# Visual Studio Version 16
VisualStudioVersion = 16.0.28917.182
MinimumVisualStudioVersion = 10.0.40219.1
Project("{9A19103F-16F7-4668-BE54-9A1E7A4F7556}") = "XpandPosh.Cmdlets", "XpandPwsh.Cmdlets\XpandPosh.Cmdlets.csproj", "{5089F0FE-212F-4511-861C-98ED54A07426}"
EndProject
Global
	GlobalSection(SolutionConfigurationPlatforms) = preSolution
		Debug|Any CPU = Debug|Any CPU
		Release|Any CPU = Release|Any CPU
	EndGlobalSection
	GlobalSection(ProjectConfigurationPlatforms) = postSolution
		{5089F0FE-212F-4511-861C-98ED54A07426}.Debug|Any CPU.ActiveCfg = Debug|Any CPU
		{5089F0FE-212F-4511-861C-98ED54A07426}.Debug|Any CPU.Build.0 = Debug|Any CPU
		{5089F0FE-212F-4511-861C-98ED54A07426}.Release|Any CPU.ActiveCfg = Release|Any CPU
		{5089F0FE-212F-4511-861C-98ED54A07426}.Release|Any CPU.Build.0 = Release|Any CPU
	EndGlobalSection
	GlobalSection(SolutionProperties) = preSolution
		HideSolutionNode = FALSE
	EndGlobalSection
	GlobalSection(ExtensibilityGlobals) = postSolution
		SolutionGuid = {315B470F-6A18-4C8B-8B6E-E789A02DFAC0}
	EndGlobalSection
EndGlobal
