
Microsoft Visual Studio Solution File, Format Version 12.00
# Visual Studio Version 16
VisualStudioVersion = 16.0.28917.182
MinimumVisualStudioVersion = 10.0.40219.1
Project("{9A19103F-16F7-4668-BE54-9A1E7A4F7556}") = "XpandPwsh.Cmdlets", "XpandPwsh.Cmdlets\XpandPwsh.Cmdlets.csproj", "{465E450F-5F07-4083-8132-FC6DBA0B2F08}"
EndProject
Global
	GlobalSection(SolutionConfigurationPlatforms) = preSolution
		Debug|Any CPU = Debug|Any CPU
		Release|Any CPU = Release|Any CPU
	EndGlobalSection
	GlobalSection(ProjectConfigurationPlatforms) = postSolution
		{465E450F-5F07-4083-8132-FC6DBA0B2F08}.Debug|Any CPU.ActiveCfg = Debug|Any CPU
		{465E450F-5F07-4083-8132-FC6DBA0B2F08}.Debug|Any CPU.Build.0 = Debug|Any CPU
		{465E450F-5F07-4083-8132-FC6DBA0B2F08}.Release|Any CPU.ActiveCfg = Release|Any CPU
		{465E450F-5F07-4083-8132-FC6DBA0B2F08}.Release|Any CPU.Build.0 = Release|Any CPU
	EndGlobalSection
	GlobalSection(SolutionProperties) = preSolution
		HideSolutionNode = FALSE
	EndGlobalSection
	GlobalSection(ExtensibilityGlobals) = postSolution
		SolutionGuid = {ABFC4251-5E78-46F8-A982-1B37D6515982}
	EndGlobalSection
EndGlobal
